github.com/ajaquith/mediumish-gohugo-theme v0.0.0-20230202155000-10fe85e58df4 h1:VKogVHt0vENQAIvqicU5FMXXs5DLcURmxOxEo2uYi4Q=
github.com/ajaquith/mediumish-gohugo-theme v0.0.0-20230202155000-10fe85e58df4/go.mod h1:gcFQjZTwb2oV6Hf7aNjOilc9gPCxTkKK+8bXNuUwc+g=
github.com/ajaquith/mediumish-gohugo-theme v0.0.0-20231111035741-dafc5b217054 h1:DZ910BWQgPBan6UjST9ynPWOzckm2ugoK6ddm4Gy11A=
github.com/ajaquith/mediumish-gohugo-theme v0.0.0-20231111035741-dafc5b217054/go.mod h1:gcFQjZTwb2oV6Hf7aNjOilc9gPCxTkKK+8bXNuUwc+g=
github.com/ajaquith/mediumish-gohugo-theme v0.0.0-20231113135946-5d7536af8106 h1:95s4RmLI/W4m4GiuKV2u7R8Jl6JdqbYMcNB2G6iRbvs=
github.com/ajaquith/mediumish-gohugo-theme v0.0.0-20231113135946-5d7536af8106/go.mod h1:gcFQjZTwb2oV6Hf7aNjOilc9gPCxTkKK+8bXNuUwc+g=
github.com/ajaquith/mediumish-gohugo-theme v0.0.0-20231113155425-dafa4bfe3920 h1:VUUoxRACAm88Q+BUWjXo+i7CyZhYXkXcVMciexaswKg=
github.com/ajaquith/mediumish-gohugo-theme v0.0.0-20231113155425-dafa4bfe3920/go.mod h1:gcFQjZTwb2oV6Hf7aNjOilc9gPCxTkKK+8bXNuUwc+g=
github.com/ajaquith/mediumish-gohugo-theme v0.0.0-20231117154905-d260f66fe517 h1:UXV7LxALWEtRCNJOmwPUierDOLx92yn25td8/MPGWrU=
github.com/ajaquith/mediumish-gohugo-theme v0.0.0-20231117154905-d260f66fe517/go.mod h1:gcFQjZTwb2oV6Hf7aNjOilc9gPCxTkKK+8bXNuUwc+g=
github.com/ajaquith/mediumish-gohugo-theme v0.0.0-20231120141259-3953e19a83fc h1:uOP9nGzpzg7EWoskBdsCMbyV2hLbPoBK5pu73luQPNk=
github.com/ajaquith/mediumish-gohugo-theme v0.0.0-20231120141259-3953e19a83fc/go.mod h1:gcFQjZTwb2oV6Hf7aNjOilc9gPCxTkKK+8bXNuUwc+g=
github.com/ajaquith/mediumish-gohugo-theme v0.0.0-20231120165054-4cecb6e920e2 h1:zgp2xXga+KOIYU4QT3/0FOvVcRiMyx+D2BIs7WYheLc=
github.com/ajaquith/mediumish-gohugo-theme v0.0.0-20231120165054-4cecb6e920e2/go.mod h1:gcFQjZTwb2oV6Hf7aNjOilc9gPCxTkKK+8bXNuUwc+g=
github.com/ajaquith/mediumish-gohugo-theme v0.0.0-20231201042241-0b6827b17d73 h1:qZv3BQIl3br1GEyUzgWPq5d80w4hD3vha1TgvlDMwaw=
github.com/ajaquith/mediumish-gohugo-theme v0.0.0-20231201042241-0b6827b17d73/go.mod h1:gcFQjZTwb2oV6Hf7aNjOilc9gPCxTkKK+8bXNuUwc+g=
github.com/ajaquith/mediumish-gohugo-theme v0.0.0-20231201173931-1c9839eaa686 h1:TFLT6PGWkIfU9pgsWSBG3BmB4WGw8RU8ZXBCuFSRyeo=
github.com/ajaquith/mediumish-gohugo-theme v0.0.0-20231201173931-1c9839eaa686/go.mod h1:gcFQjZTwb2oV6Hf7aNjOilc9gPCxTkKK+8bXNuUwc+g=
github.com/ajaquith/mediumish-gohugo-theme v0.0.0-20240206035115-25879e884aac h1:xkDs9bJfF2hxRbHcFh6giclRX3MxaSo8NozcQs+Rr6Y=
github.com/ajaquith/mediumish-gohugo-theme v0.0.0-20240206035115-25879e884aac/go.mod h1:gcFQjZTwb2oV6Hf7aNjOilc9gPCxTkKK+8bXNuUwc+g=
